// !$*UTF8*$!
{
	archiveVersion = 1;
	classes = {
	};
	objectVersion = 48;
	objects = {

/* Begin PBXBuildFile section */
		8413917D206936D200C5A205 /* LaunchScreen.storyboard in Resources */ = {isa = PBXBuildFile; fileRef = 8413917C206936D200C5A205 /* LaunchScreen.storyboard */; };
		846EAC442082454B007E7CC2 /* CVCalendar.framework in Frameworks */ = {isa = PBXBuildFile; fileRef = 846EAC432082454B007E7CC2 /* CVCalendar.framework */; };
		846EAC4620824563007E7CC2 /* CVCalendar.framework in Embed Frameworks */ = {isa = PBXBuildFile; fileRef = 846EAC432082454B007E7CC2 /* CVCalendar.framework */; settings = {ATTRIBUTES = (CodeSignOnCopy, RemoveHeadersOnCopy, ); }; };
		84D3583520727DC00001640E /* OrderListCenterVC.swift in Sources */ = {isa = PBXBuildFile; fileRef = BE7215481F55B8C800067530 /* OrderListCenterVC.swift */; };
		84D3583620727DCE0001640E /* OrderListCenterDataSource.swift in Sources */ = {isa = PBXBuildFile; fileRef = BEB1C3511EB4E65C00F1D804 /* OrderListCenterDataSource.swift */; };
		84D3583720727FB90001640E /* OrderListDetailVC.swift in Sources */ = {isa = PBXBuildFile; fileRef = BE72155D1F55BA3100067530 /* OrderListDetailVC.swift */; };
		84D3583820727FBB0001640E /* OrderListDetailDataSource.swift in Sources */ = {isa = PBXBuildFile; fileRef = BEB1C3581EB58E9600F1D804 /* OrderListDetailDataSource.swift */; };
		84E524DF206BE0CC003BEAC8 /* MainVC.swift in Sources */ = {isa = PBXBuildFile; fileRef = 84E524DE206BE0CC003BEAC8 /* MainVC.swift */; };
		A7374FB4207859FE0067D934 /* CalenderPopUpSB.storyboard in Resources */ = {isa = PBXBuildFile; fileRef = A7374FB2207859FD0067D934 /* CalenderPopUpSB.storyboard */; };
		A7374FB620785A070067D934 /* CalenderPopUpVC.swift in Sources */ = {isa = PBXBuildFile; fileRef = A7374FB520785A070067D934 /* CalenderPopUpVC.swift */; };
		A7F2245220761E5300A8E1AA /* CollapsibleTableViewHeader.swift in Sources */ = {isa = PBXBuildFile; fileRef = BE9D8AEA2055269100B7991D /* CollapsibleTableViewHeader.swift */; };
		BE087B351F2F73610005128B /* EditMealVC.swift in Sources */ = {isa = PBXBuildFile; fileRef = BE087B341F2F73610005128B /* EditMealVC.swift */; };
		BE08D8371F22F8A4001A93C7 /* PersonalSetVC.swift in Sources */ = {isa = PBXBuildFile; fileRef = BE08D8361F22F8A4001A93C7 /* PersonalSetVC.swift */; };
		BE0CB0691F892E2E00EEF54A /* ICloudPropertyStore.swift in Sources */ = {isa = PBXBuildFile; fileRef = BE0CB0681F892E2E00EEF54A /* ICloudPropertyStore.swift */; };
		BE0D55B01F2A266200F482EA /* Meal+CoreDataClass.swift in Sources */ = {isa = PBXBuildFile; fileRef = BE0D55AE1F2A266200F482EA /* Meal+CoreDataClass.swift */; };
		BE0D55B11F2A266200F482EA /* Meal+CoreDataProperties.swift in Sources */ = {isa = PBXBuildFile; fileRef = BE0D55AF1F2A266200F482EA /* Meal+CoreDataProperties.swift */; };
		BE10313C1F2789E800DAA003 /* DataStore.swift in Sources */ = {isa = PBXBuildFile; fileRef = BE10313B1F2789E800DAA003 /* DataStore.swift */; };
		BE156E60204C099100033D19 /* Reachability.swift in Sources */ = {isa = PBXBuildFile; fileRef = BE156E5F204C099100033D19 /* Reachability.swift */; };
		BE24A9641F94E9C600BCB339 /* ExtensionList.swift in Sources */ = {isa = PBXBuildFile; fileRef = BE24A9601F94D08900BCB339 /* ExtensionList.swift */; };
		BE31A7AE2053BE0100E6E758 /* SharedMealLocalCache.swift in Sources */ = {isa = PBXBuildFile; fileRef = BE31A7AD2053BE0100E6E758 /* SharedMealLocalCache.swift */; };
		BE324A862022140000DC778D /* CloudExtension.swift in Sources */ = {isa = PBXBuildFile; fileRef = BE324A852022140000DC778D /* CloudExtension.swift */; };
		BE3310FD1F2A6D81001E7E3B /* ImageHelper.swift in Sources */ = {isa = PBXBuildFile; fileRef = BE3310FC1F2A6D81001E7E3B /* ImageHelper.swift */; };
		BE3DDF4A1F263F310013AD47 /* DataModel.xcdatamodeld in Sources */ = {isa = PBXBuildFile; fileRef = BE3DDF481F263F310013AD47 /* DataModel.xcdatamodeld */; };
		BE3DDF4C1F2648E60013AD47 /* HandleCoreData.swift in Sources */ = {isa = PBXBuildFile; fileRef = BE3DDF4B1F2648E60013AD47 /* HandleCoreData.swift */; };
		BE480D811E86BD0400EE9470 /* MealCell.swift in Sources */ = {isa = PBXBuildFile; fileRef = BE480D801E86BD0400EE9470 /* MealCell.swift */; };
		BE4EB5201FF6805200129999 /* MealCell.xib in Resources */ = {isa = PBXBuildFile; fileRef = BE4EB51F1FF6805200129999 /* MealCell.xib */; };
		BE7036FF1FFE83400003F9FB /* DatePopUpVC.swift in Sources */ = {isa = PBXBuildFile; fileRef = BE7036FE1FFE83400003F9FB /* DatePopUpVC.swift */; };
		BE72153F1F55B83100067530 /* ShoppingCartVC.swift in Sources */ = {isa = PBXBuildFile; fileRef = BE72153E1F55B83100067530 /* ShoppingCartVC.swift */; };
		BE7215411F55B84000067530 /* PersonalCenterVC.swift in Sources */ = {isa = PBXBuildFile; fileRef = BE7215401F55B84000067530 /* PersonalCenterVC.swift */; };
		BE7215541F55B9C500067530 /* StructList.swift in Sources */ = {isa = PBXBuildFile; fileRef = BE7215531F55B9C500067530 /* StructList.swift */; };
		BE7215621F55BA5400067530 /* OrderListCenterCell.swift in Sources */ = {isa = PBXBuildFile; fileRef = BE7215611F55BA5400067530 /* OrderListCenterCell.swift */; };
		BE7215661F55BA8700067530 /* OrderListCollectionViewCell.swift in Sources */ = {isa = PBXBuildFile; fileRef = BE7215651F55BA8700067530 /* OrderListCollectionViewCell.swift */; };
		BE72156A1F55BAB900067530 /* ShoppingCell.swift in Sources */ = {isa = PBXBuildFile; fileRef = BE7215691F55BAB900067530 /* ShoppingCell.swift */; };
		BE72156E1F55BADB00067530 /* OrderListVC.swift in Sources */ = {isa = PBXBuildFile; fileRef = BE72156D1F55BADB00067530 /* OrderListVC.swift */; };
		BE7215701F55BAEC00067530 /* OrderListDataSource.swift in Sources */ = {isa = PBXBuildFile; fileRef = BE72156F1F55BAEC00067530 /* OrderListDataSource.swift */; };
		BE8A9A881FF53EB900AA324D /* MealListVC.swift in Sources */ = {isa = PBXBuildFile; fileRef = BE8A9A871FF53EB900AA324D /* MealListVC.swift */; };
		BE8D0163201D5CEB00C81D92 /* CloudKitError.swift in Sources */ = {isa = PBXBuildFile; fileRef = BE24A95E1F94C5E800BCB339 /* CloudKitError.swift */; };
		BE8E38DC2045940C00CC12FB /* ZoneLocalCache.swift in Sources */ = {isa = PBXBuildFile; fileRef = BE8D0165201E0D0500C81D92 /* ZoneLocalCache.swift */; };
		BE8E38E020459B6000CC12FB /* Database.swift in Sources */ = {isa = PBXBuildFile; fileRef = BE8E38DF20459B5F00CC12FB /* Database.swift */; };
		BE8E38EA20459C6900CC12FB /* BaseLocalCache.swift in Sources */ = {isa = PBXBuildFile; fileRef = BE8E38E920459C6900CC12FB /* BaseLocalCache.swift */; };
		BE8E38EC2045B10900CC12FB /* MealLocalCache.swift in Sources */ = {isa = PBXBuildFile; fileRef = BE8E38EB2045B10900CC12FB /* MealLocalCache.swift */; };
		BE8F80941F563EEF00D67599 /* MealDetailVC.swift in Sources */ = {isa = PBXBuildFile; fileRef = BE8F80931F563EEF00D67599 /* MealDetailVC.swift */; };
		BE9047CE1FFD401400282B0F /* MealDetailVC.xib in Resources */ = {isa = PBXBuildFile; fileRef = BE9047CD1FFD401400282B0F /* MealDetailVC.xib */; };
		BE910090200068BA00E6C9A8 /* CatagoryPopUpVC.swift in Sources */ = {isa = PBXBuildFile; fileRef = BE91008F200068BA00E6C9A8 /* CatagoryPopUpVC.swift */; };
		BE910092200078A200E6C9A8 /* ProtocolList.swift in Sources */ = {isa = PBXBuildFile; fileRef = BE910091200078A200E6C9A8 /* ProtocolList.swift */; };
		BE9100942000B66200E6C9A8 /* CatagoryPopUpSB.storyboard in Resources */ = {isa = PBXBuildFile; fileRef = BE9100932000B66200E6C9A8 /* CatagoryPopUpSB.storyboard */; };
		BE91009620025EDE00E6C9A8 /* DatePopUpSB.storyboard in Resources */ = {isa = PBXBuildFile; fileRef = BE91009520025EDE00E6C9A8 /* DatePopUpSB.storyboard */; };
		BE9591C72018DDB900A24393 /* FamilyList.swift in Sources */ = {isa = PBXBuildFile; fileRef = BE9591C62018DDB900A24393 /* FamilyList.swift */; };
		BE9591CA2018E1ED00A24393 /* FamilyMemberVC.swift in Sources */ = {isa = PBXBuildFile; fileRef = BE9591C92018E1ED00A24393 /* FamilyMemberVC.swift */; };
		BE9D0C7E1EB0E53D009FF3D3 /* MealListDataSource.swift in Sources */ = {isa = PBXBuildFile; fileRef = BE9D0C7D1EB0E53D009FF3D3 /* MealListDataSource.swift */; };
		BE9D0C801EB2395D009FF3D3 /* ShoppingCartDataSource.swift in Sources */ = {isa = PBXBuildFile; fileRef = BE9D0C7F1EB2395D009FF3D3 /* ShoppingCartDataSource.swift */; };
		BE9EB13B20138A7100B44928 /* ReservedMeals.swift in Sources */ = {isa = PBXBuildFile; fileRef = BE9EB13A20138A7100B44928 /* ReservedMeals.swift */; };
		BEAD6E5D1E6AA1A5001BF58A /* AppDelegate.swift in Sources */ = {isa = PBXBuildFile; fileRef = BEAD6E5C1E6AA1A5001BF58A /* AppDelegate.swift */; };
		BEAD6E641E6AA1A5001BF58A /* Assets.xcassets in Resources */ = {isa = PBXBuildFile; fileRef = BEAD6E631E6AA1A5001BF58A /* Assets.xcassets */; };
		BEAD6E731E6B96D9001BF58A /* Spicy.swift in Sources */ = {isa = PBXBuildFile; fileRef = BEAD6E721E6B96D9001BF58A /* Spicy.swift */; };
		BEB143861E744697008D8921 /* Main.storyboard in Resources */ = {isa = PBXBuildFile; fileRef = BEB143841E744697008D8921 /* Main.storyboard */; };
		BEB1C35B1EB58EAE00F1D804 /* OrderListDetailCell.swift in Sources */ = {isa = PBXBuildFile; fileRef = BEB1C35A1EB58EAE00F1D804 /* OrderListDetailCell.swift */; };
		BEDB166D1E9D53C300D9C9E1 /* OrderListCell.swift in Sources */ = {isa = PBXBuildFile; fileRef = BEDB166C1E9D53C300D9C9E1 /* OrderListCell.swift */; };
		BEE709512010403900C7873B /* CloudKit.framework in Frameworks */ = {isa = PBXBuildFile; fileRef = BEE709502010403900C7873B /* CloudKit.framework */; };
		BEEDFBBD1EACC9A4001E5E17 /* StateController.swift in Sources */ = {isa = PBXBuildFile; fileRef = BEEDFBBC1EACC9A4001E5E17 /* StateController.swift */; };
/* End PBXBuildFile section */

/* Begin PBXCopyFilesBuildPhase section */
		846EAC0C208225A4007E7CC2 /* Embed Frameworks */ = {
			isa = PBXCopyFilesBuildPhase;
			buildActionMask = 2147483647;
			dstPath = "";
			dstSubfolderSpec = 10;
			files = (
				846EAC4620824563007E7CC2 /* CVCalendar.framework in Embed Frameworks */,
			);
			name = "Embed Frameworks";
			runOnlyForDeploymentPostprocessing = 0;
		};
/* End PBXCopyFilesBuildPhase section */

/* Begin PBXFileReference section */
		8413917C206936D200C5A205 /* LaunchScreen.storyboard */ = {isa = PBXFileReference; lastKnownFileType = file.storyboard; path = LaunchScreen.storyboard; sourceTree = "<group>"; };
		846EAC432082454B007E7CC2 /* CVCalendar.framework */ = {isa = PBXFileReference; lastKnownFileType = wrapper.framework; path = CVCalendar.framework; sourceTree = "<group>"; };
		84E524DE206BE0CC003BEAC8 /* MainVC.swift */ = {isa = PBXFileReference; lastKnownFileType = sourcecode.swift; path = MainVC.swift; sourceTree = "<group>"; };
		84E524E2206BECDF003BEAC8 /* SignUpViewController.swift */ = {isa = PBXFileReference; fileEncoding = 4; lastKnownFileType = sourcecode.swift; name = SignUpViewController.swift; path = Obsoleted/SignUpViewController.swift; sourceTree = "<group>"; };
		84E524E4206BECEA003BEAC8 /* LoginViewController.swift */ = {isa = PBXFileReference; fileEncoding = 4; lastKnownFileType = sourcecode.swift; name = LoginViewController.swift; path = Obsoleted/LoginViewController.swift; sourceTree = "<group>"; };
		84E524E6206BECF4003BEAC8 /* LogOutViewController.swift */ = {isa = PBXFileReference; fileEncoding = 4; lastKnownFileType = sourcecode.swift; name = LogOutViewController.swift; path = Obsoleted/LogOutViewController.swift; sourceTree = "<group>"; };
		A7374FB2207859FD0067D934 /* CalenderPopUpSB.storyboard */ = {isa = PBXFileReference; fileEncoding = 4; lastKnownFileType = file.storyboard; path = CalenderPopUpSB.storyboard; sourceTree = "<group>"; };
		A7374FB520785A070067D934 /* CalenderPopUpVC.swift */ = {isa = PBXFileReference; fileEncoding = 4; lastKnownFileType = sourcecode.swift; path = CalenderPopUpVC.swift; sourceTree = "<group>"; };
		BE002872204AA5DE00886B79 /* DatabaseLocalCache.swift */ = {isa = PBXFileReference; fileEncoding = 4; lastKnownFileType = sourcecode.swift; path = DatabaseLocalCache.swift; sourceTree = "<group>"; };
		BE087B341F2F73610005128B /* EditMealVC.swift */ = {isa = PBXFileReference; fileEncoding = 4; lastKnownFileType = sourcecode.swift; path = EditMealVC.swift; sourceTree = "<group>"; };
		BE08D8361F22F8A4001A93C7 /* PersonalSetVC.swift */ = {isa = PBXFileReference; fileEncoding = 4; lastKnownFileType = sourcecode.swift; path = PersonalSetVC.swift; sourceTree = "<group>"; };
		BE0CB0681F892E2E00EEF54A /* ICloudPropertyStore.swift */ = {isa = PBXFileReference; fileEncoding = 4; lastKnownFileType = sourcecode.swift; path = ICloudPropertyStore.swift; sourceTree = "<group>"; };
		BE0D55AE1F2A266200F482EA /* Meal+CoreDataClass.swift */ = {isa = PBXFileReference; fileEncoding = 4; lastKnownFileType = sourcecode.swift; name = "Meal+CoreDataClass.swift"; path = "../Meal+CoreDataClass.swift"; sourceTree = "<group>"; };
		BE0D55AF1F2A266200F482EA /* Meal+CoreDataProperties.swift */ = {isa = PBXFileReference; fileEncoding = 4; lastKnownFileType = sourcecode.swift; name = "Meal+CoreDataProperties.swift"; path = "../Meal+CoreDataProperties.swift"; sourceTree = "<group>"; };
		BE10313B1F2789E800DAA003 /* DataStore.swift */ = {isa = PBXFileReference; fileEncoding = 4; lastKnownFileType = sourcecode.swift; path = DataStore.swift; sourceTree = "<group>"; };
		BE156E5F204C099100033D19 /* Reachability.swift */ = {isa = PBXFileReference; fileEncoding = 4; lastKnownFileType = sourcecode.swift; path = Reachability.swift; sourceTree = "<group>"; };
		BE24A95E1F94C5E800BCB339 /* CloudKitError.swift */ = {isa = PBXFileReference; lastKnownFileType = sourcecode.swift; path = CloudKitError.swift; sourceTree = "<group>"; };
		BE24A95F1F94C60000BCB339 /* CloudKitExtensions.swift */ = {isa = PBXFileReference; lastKnownFileType = sourcecode.swift; path = CloudKitExtensions.swift; sourceTree = "<group>"; };
		BE24A9601F94D08900BCB339 /* ExtensionList.swift */ = {isa = PBXFileReference; lastKnownFileType = sourcecode.swift; path = ExtensionList.swift; sourceTree = "<group>"; };
		BE2ACE6620090674001F4F66 /* 私家厨房.app */ = {isa = PBXFileReference; explicitFileType = wrapper.application; includeInIndex = 0; path = "私家厨房.app"; sourceTree = BUILT_PRODUCTS_DIR; };
		BE31A7AD2053BE0100E6E758 /* SharedMealLocalCache.swift */ = {isa = PBXFileReference; lastKnownFileType = sourcecode.swift; path = SharedMealLocalCache.swift; sourceTree = "<group>"; };
		BE324A852022140000DC778D /* CloudExtension.swift */ = {isa = PBXFileReference; lastKnownFileType = sourcecode.swift; path = CloudExtension.swift; sourceTree = "<group>"; };
		BE3310FC1F2A6D81001E7E3B /* ImageHelper.swift */ = {isa = PBXFileReference; fileEncoding = 4; lastKnownFileType = sourcecode.swift; path = ImageHelper.swift; sourceTree = "<group>"; };
		BE3DDF491F263F310013AD47 /* DataModel.xcdatamodel */ = {isa = PBXFileReference; lastKnownFileType = wrapper.xcdatamodel; path = DataModel.xcdatamodel; sourceTree = "<group>"; };
		BE3DDF4B1F2648E60013AD47 /* HandleCoreData.swift */ = {isa = PBXFileReference; fileEncoding = 4; lastKnownFileType = sourcecode.swift; path = HandleCoreData.swift; sourceTree = "<group>"; };
		BE480D801E86BD0400EE9470 /* MealCell.swift */ = {isa = PBXFileReference; fileEncoding = 4; lastKnownFileType = sourcecode.swift; path = MealCell.swift; sourceTree = "<group>"; };
		BE4EB51F1FF6805200129999 /* MealCell.xib */ = {isa = PBXFileReference; lastKnownFileType = file.xib; path = MealCell.xib; sourceTree = "<group>"; };
		BE7036FE1FFE83400003F9FB /* DatePopUpVC.swift */ = {isa = PBXFileReference; lastKnownFileType = sourcecode.swift; path = DatePopUpVC.swift; sourceTree = "<group>"; };
		BE72153E1F55B83100067530 /* ShoppingCartVC.swift */ = {isa = PBXFileReference; fileEncoding = 4; lastKnownFileType = sourcecode.swift; path = ShoppingCartVC.swift; sourceTree = "<group>"; };
		BE7215401F55B84000067530 /* PersonalCenterVC.swift */ = {isa = PBXFileReference; fileEncoding = 4; lastKnownFileType = sourcecode.swift; path = PersonalCenterVC.swift; sourceTree = "<group>"; };
		BE7215481F55B8C800067530 /* OrderListCenterVC.swift */ = {isa = PBXFileReference; fileEncoding = 4; lastKnownFileType = sourcecode.swift; path = OrderListCenterVC.swift; sourceTree = "<group>"; };
		BE7215531F55B9C500067530 /* StructList.swift */ = {isa = PBXFileReference; fileEncoding = 4; lastKnownFileType = sourcecode.swift; path = StructList.swift; sourceTree = "<group>"; };
		BE72155D1F55BA3100067530 /* OrderListDetailVC.swift */ = {isa = PBXFileReference; fileEncoding = 4; lastKnownFileType = sourcecode.swift; path = OrderListDetailVC.swift; sourceTree = "<group>"; };
		BE7215611F55BA5400067530 /* OrderListCenterCell.swift */ = {isa = PBXFileReference; fileEncoding = 4; lastKnownFileType = sourcecode.swift; path = OrderListCenterCell.swift; sourceTree = "<group>"; };
		BE7215651F55BA8700067530 /* OrderListCollectionViewCell.swift */ = {isa = PBXFileReference; fileEncoding = 4; lastKnownFileType = sourcecode.swift; path = OrderListCollectionViewCell.swift; sourceTree = "<group>"; };
		BE7215691F55BAB900067530 /* ShoppingCell.swift */ = {isa = PBXFileReference; fileEncoding = 4; lastKnownFileType = sourcecode.swift; path = ShoppingCell.swift; sourceTree = "<group>"; };
		BE72156D1F55BADB00067530 /* OrderListVC.swift */ = {isa = PBXFileReference; fileEncoding = 4; lastKnownFileType = sourcecode.swift; path = OrderListVC.swift; sourceTree = "<group>"; };
		BE72156F1F55BAEC00067530 /* OrderListDataSource.swift */ = {isa = PBXFileReference; fileEncoding = 4; lastKnownFileType = sourcecode.swift; path = OrderListDataSource.swift; sourceTree = "<group>"; };
		BE8A9A871FF53EB900AA324D /* MealListVC.swift */ = {isa = PBXFileReference; lastKnownFileType = sourcecode.swift; path = MealListVC.swift; sourceTree = "<group>"; };
		BE8D0165201E0D0500C81D92 /* ZoneLocalCache.swift */ = {isa = PBXFileReference; lastKnownFileType = sourcecode.swift; path = ZoneLocalCache.swift; sourceTree = "<group>"; };
		BE8E38DF20459B5F00CC12FB /* Database.swift */ = {isa = PBXFileReference; fileEncoding = 4; lastKnownFileType = sourcecode.swift; path = Database.swift; sourceTree = "<group>"; };
		BE8E38E920459C6900CC12FB /* BaseLocalCache.swift */ = {isa = PBXFileReference; fileEncoding = 4; lastKnownFileType = sourcecode.swift; path = BaseLocalCache.swift; sourceTree = "<group>"; };
		BE8E38EB2045B10900CC12FB /* MealLocalCache.swift */ = {isa = PBXFileReference; lastKnownFileType = sourcecode.swift; path = MealLocalCache.swift; sourceTree = "<group>"; };
		BE8F80931F563EEF00D67599 /* MealDetailVC.swift */ = {isa = PBXFileReference; fileEncoding = 4; lastKnownFileType = sourcecode.swift; path = MealDetailVC.swift; sourceTree = "<group>"; };
		BE9047CD1FFD401400282B0F /* MealDetailVC.xib */ = {isa = PBXFileReference; lastKnownFileType = file.xib; path = MealDetailVC.xib; sourceTree = "<group>"; };
		BE91008F200068BA00E6C9A8 /* CatagoryPopUpVC.swift */ = {isa = PBXFileReference; lastKnownFileType = sourcecode.swift; path = CatagoryPopUpVC.swift; sourceTree = "<group>"; };
		BE910091200078A200E6C9A8 /* ProtocolList.swift */ = {isa = PBXFileReference; lastKnownFileType = sourcecode.swift; path = ProtocolList.swift; sourceTree = "<group>"; };
		BE9100932000B66200E6C9A8 /* CatagoryPopUpSB.storyboard */ = {isa = PBXFileReference; lastKnownFileType = file.storyboard; path = CatagoryPopUpSB.storyboard; sourceTree = "<group>"; };
		BE91009520025EDE00E6C9A8 /* DatePopUpSB.storyboard */ = {isa = PBXFileReference; lastKnownFileType = file.storyboard; path = DatePopUpSB.storyboard; sourceTree = "<group>"; };
		BE9591C62018DDB900A24393 /* FamilyList.swift */ = {isa = PBXFileReference; lastKnownFileType = sourcecode.swift; path = FamilyList.swift; sourceTree = "<group>"; };
		BE9591C92018E1ED00A24393 /* FamilyMemberVC.swift */ = {isa = PBXFileReference; lastKnownFileType = sourcecode.swift; path = FamilyMemberVC.swift; sourceTree = "<group>"; };
		BE9D0C7D1EB0E53D009FF3D3 /* MealListDataSource.swift */ = {isa = PBXFileReference; fileEncoding = 4; lastKnownFileType = sourcecode.swift; path = MealListDataSource.swift; sourceTree = "<group>"; };
		BE9D0C7F1EB2395D009FF3D3 /* ShoppingCartDataSource.swift */ = {isa = PBXFileReference; fileEncoding = 4; lastKnownFileType = sourcecode.swift; path = ShoppingCartDataSource.swift; sourceTree = "<group>"; };
		BE9D8AEA2055269100B7991D /* CollapsibleTableViewHeader.swift */ = {isa = PBXFileReference; fileEncoding = 4; lastKnownFileType = sourcecode.swift; path = CollapsibleTableViewHeader.swift; sourceTree = "<group>"; };
		BE9EB13A20138A7100B44928 /* ReservedMeals.swift */ = {isa = PBXFileReference; lastKnownFileType = sourcecode.swift; path = ReservedMeals.swift; sourceTree = "<group>"; };
		BEAD6E5C1E6AA1A5001BF58A /* AppDelegate.swift */ = {isa = PBXFileReference; lastKnownFileType = sourcecode.swift; path = AppDelegate.swift; sourceTree = "<group>"; };
		BEAD6E631E6AA1A5001BF58A /* Assets.xcassets */ = {isa = PBXFileReference; lastKnownFileType = folder.assetcatalog; path = Assets.xcassets; sourceTree = "<group>"; };
		BEAD6E681E6AA1A5001BF58A /* Info.plist */ = {isa = PBXFileReference; lastKnownFileType = text.plist.xml; path = Info.plist; sourceTree = "<group>"; };
		BEAD6E721E6B96D9001BF58A /* Spicy.swift */ = {isa = PBXFileReference; fileEncoding = 4; lastKnownFileType = sourcecode.swift; path = Spicy.swift; sourceTree = "<group>"; };
		BEB143851E744697008D8921 /* Base */ = {isa = PBXFileReference; lastKnownFileType = file.storyboard; name = Base; path = Base.lproj/Main.storyboard; sourceTree = "<group>"; };
		BEB1C3511EB4E65C00F1D804 /* OrderListCenterDataSource.swift */ = {isa = PBXFileReference; fileEncoding = 4; lastKnownFileType = sourcecode.swift; path = OrderListCenterDataSource.swift; sourceTree = "<group>"; };
		BEB1C3581EB58E9600F1D804 /* OrderListDetailDataSource.swift */ = {isa = PBXFileReference; fileEncoding = 4; lastKnownFileType = sourcecode.swift; path = OrderListDetailDataSource.swift; sourceTree = "<group>"; };
		BEB1C35A1EB58EAE00F1D804 /* OrderListDetailCell.swift */ = {isa = PBXFileReference; fileEncoding = 4; lastKnownFileType = sourcecode.swift; path = OrderListDetailCell.swift; sourceTree = "<group>"; };
		BEDB166C1E9D53C300D9C9E1 /* OrderListCell.swift */ = {isa = PBXFileReference; fileEncoding = 4; lastKnownFileType = sourcecode.swift; path = OrderListCell.swift; sourceTree = "<group>"; };
		BEE7094F2010403600C7873B /* 私家厨房.entitlements */ = {isa = PBXFileReference; lastKnownFileType = text.plist.entitlements; path = "私家厨房.entitlements"; sourceTree = "<group>"; };
		BEE709502010403900C7873B /* CloudKit.framework */ = {isa = PBXFileReference; lastKnownFileType = wrapper.framework; name = CloudKit.framework; path = System/Library/Frameworks/CloudKit.framework; sourceTree = SDKROOT; };
		BEEDFBBC1EACC9A4001E5E17 /* StateController.swift */ = {isa = PBXFileReference; fileEncoding = 4; lastKnownFileType = sourcecode.swift; path = StateController.swift; sourceTree = "<group>"; };
/* End PBXFileReference section */

/* Begin PBXFrameworksBuildPhase section */
		BEAD6E561E6AA1A4001BF58A /* Frameworks */ = {
			isa = PBXFrameworksBuildPhase;
			buildActionMask = 2147483647;
			files = (
				BEE709512010403900C7873B /* CloudKit.framework in Frameworks */,
				846EAC442082454B007E7CC2 /* CVCalendar.framework in Frameworks */,
			);
			runOnlyForDeploymentPostprocessing = 0;
		};
/* End PBXFrameworksBuildPhase section */

/* Begin PBXGroup section */
		BE08D8381F22F8B0001A93C7 /* PersonalSet */ = {
			isa = PBXGroup;
			children = (
				BE08D8361F22F8A4001A93C7 /* PersonalSetVC.swift */,
			);
			name = PersonalSet;
			sourceTree = "<group>";
		};
		BE0D55A51F2A0D1600F482EA /* CoreData */ = {
			isa = PBXGroup;
			children = (
				BE0D55AE1F2A266200F482EA /* Meal+CoreDataClass.swift */,
				BE0D55AF1F2A266200F482EA /* Meal+CoreDataProperties.swift */,
				BE3DDF4B1F2648E60013AD47 /* HandleCoreData.swift */,
			);
			name = CoreData;
			sourceTree = "<group>";
		};
		BE24A95D1F94C5BB00BCB339 /* CloudKit */ = {
			isa = PBXGroup;
			children = (
				BE8D0164201D5D8E00C81D92 /* Not used in project */,
				BE0CB0681F892E2E00EEF54A /* ICloudPropertyStore.swift */,
				BE8E38DF20459B5F00CC12FB /* Database.swift */,
				BE8E38E920459C6900CC12FB /* BaseLocalCache.swift */,
				BE8D0165201E0D0500C81D92 /* ZoneLocalCache.swift */,
				BE8E38EB2045B10900CC12FB /* MealLocalCache.swift */,
				BE31A7AD2053BE0100E6E758 /* SharedMealLocalCache.swift */,
				BE24A95E1F94C5E800BCB339 /* CloudKitError.swift */,
				BE324A852022140000DC778D /* CloudExtension.swift */,
				BE156E5F204C099100033D19 /* Reachability.swift */,
			);
			name = CloudKit;
			sourceTree = "<group>";
			wrapsLines = 1;
		};
		BE2ACE67200909E8001F4F66 /* Frameworks */ = {
			isa = PBXGroup;
			children = (
				846EAC432082454B007E7CC2 /* CVCalendar.framework */,
				BEE709502010403900C7873B /* CloudKit.framework */,
			);
			name = Frameworks;
			sourceTree = "<group>";
		};
		BE7A98D01EB092F8005AC869 /* Model */ = {
			isa = PBXGroup;
			children = (
				BE7A98D21EB09372005AC869 /* Extension */,
				BE7A98D11EB09359005AC869 /* State and Storage */,
				BE24A95D1F94C5BB00BCB339 /* CloudKit */,
				BE0D55A51F2A0D1600F482EA /* CoreData */,
			);
			name = Model;
			sourceTree = "<group>";
		};
		BE7A98D11EB09359005AC869 /* State and Storage */ = {
			isa = PBXGroup;
			children = (
				BEEDFBBC1EACC9A4001E5E17 /* StateController.swift */,
				BE10313B1F2789E800DAA003 /* DataStore.swift */,
				BE9EB13A20138A7100B44928 /* ReservedMeals.swift */,
			);
			name = "State and Storage";
			sourceTree = "<group>";
		};
		BE7A98D21EB09372005AC869 /* Extension */ = {
			isa = PBXGroup;
			children = (
				BE3310FC1F2A6D81001E7E3B /* ImageHelper.swift */,
				BE24A9601F94D08900BCB339 /* ExtensionList.swift */,
				BE7215531F55B9C500067530 /* StructList.swift */,
				BE910091200078A200E6C9A8 /* ProtocolList.swift */,
			);
			name = Extension;
			sourceTree = "<group>";
		};
		BE7A98D41EB093D9005AC869 /* OrderMeal */ = {
			isa = PBXGroup;
			children = (
				BE8A9A871FF53EB900AA324D /* MealListVC.swift */,
				BE9D0C7D1EB0E53D009FF3D3 /* MealListDataSource.swift */,
				BE9D8AEA2055269100B7991D /* CollapsibleTableViewHeader.swift */,
				BE480D801E86BD0400EE9470 /* MealCell.swift */,
				BE4EB51F1FF6805200129999 /* MealCell.xib */,
				BE8F80931F563EEF00D67599 /* MealDetailVC.swift */,
				BE9047CD1FFD401400282B0F /* MealDetailVC.xib */,
				BE087B341F2F73610005128B /* EditMealVC.swift */,
				BEAD6E721E6B96D9001BF58A /* Spicy.swift */,
			);
			name = OrderMeal;
			sourceTree = "<group>";
		};
		BE7A98D51EB093FE005AC869 /* ShoppingCart */ = {
			isa = PBXGroup;
			children = (
				BE72153E1F55B83100067530 /* ShoppingCartVC.swift */,
				BE9D0C7F1EB2395D009FF3D3 /* ShoppingCartDataSource.swift */,
				BE7215691F55BAB900067530 /* ShoppingCell.swift */,
			);
			name = ShoppingCart;
			sourceTree = "<group>";
		};
		BE7A98D61EB09428005AC869 /* OrderList */ = {
			isa = PBXGroup;
			children = (
				BE72156D1F55BADB00067530 /* OrderListVC.swift */,
				BE72156F1F55BAEC00067530 /* OrderListDataSource.swift */,
				BEDB166C1E9D53C300D9C9E1 /* OrderListCell.swift */,
			);
			name = OrderList;
			sourceTree = "<group>";
		};
		BE7A98D71EB09475005AC869 /* OrderListCenter */ = {
			isa = PBXGroup;
			children = (
				BE7215481F55B8C800067530 /* OrderListCenterVC.swift */,
				BEB1C3511EB4E65C00F1D804 /* OrderListCenterDataSource.swift */,
				BE7215611F55BA5400067530 /* OrderListCenterCell.swift */,
				BE7215651F55BA8700067530 /* OrderListCollectionViewCell.swift */,
				BEB1C3551EB58E3B00F1D804 /* OrderListDetail */,
			);
			name = OrderListCenter;
			sourceTree = "<group>";
		};
		BE7A98D81EB0948C005AC869 /* Personal Center */ = {
			isa = PBXGroup;
			children = (
				BE7215401F55B84000067530 /* PersonalCenterVC.swift */,
				BE7A98D71EB09475005AC869 /* OrderListCenter */,
				BE08D8381F22F8B0001A93C7 /* PersonalSet */,
				BE9591C82018DDC800A24393 /* FamilyList */,
			);
			name = "Personal Center";
			sourceTree = "<group>";
		};
		BE8D0155201B757E00C81D92 /* Controller */ = {
			isa = PBXGroup;
			children = (
				84E524DE206BE0CC003BEAC8 /* MainVC.swift */,
				BEB3F0F91EF0325D00665F4A /* Tab0 */,
				BEB3F0F71EF0323B00665F4A /* Tab1 */,
				BEB3F0FA1EF0326A00665F4A /* Tab2 */,
				BEB3F0F81EF0325000665F4A /* Tab3 */,
			);
			name = Controller;
			sourceTree = "<group>";
		};
		BE8D0164201D5D8E00C81D92 /* Not used in project */ = {
			isa = PBXGroup;
			children = (
				84E524E2206BECDF003BEAC8 /* SignUpViewController.swift */,
				84E524E4206BECEA003BEAC8 /* LoginViewController.swift */,
				84E524E6206BECF4003BEAC8 /* LogOutViewController.swift */,
				BE24A95F1F94C60000BCB339 /* CloudKitExtensions.swift */,
				BE002872204AA5DE00886B79 /* DatabaseLocalCache.swift */,
			);
			name = "Not used in project";
			sourceTree = "<group>";
		};
		BE8E38D6204591AF00CC12FB /* View */ = {
			isa = PBXGroup;
			children = (
				8413917C206936D200C5A205 /* LaunchScreen.storyboard */,
				BEB143841E744697008D8921 /* Main.storyboard */,
				BE91008E2000687500E6C9A8 /* Popup VC */,
			);
			name = View;
			sourceTree = "<group>";
		};
		BE91008E2000687500E6C9A8 /* Popup VC */ = {
			isa = PBXGroup;
			children = (
				BE7036FE1FFE83400003F9FB /* DatePopUpVC.swift */,
				BE91009520025EDE00E6C9A8 /* DatePopUpSB.storyboard */,
				BE91008F200068BA00E6C9A8 /* CatagoryPopUpVC.swift */,
				BE9100932000B66200E6C9A8 /* CatagoryPopUpSB.storyboard */,
				A7374FB520785A070067D934 /* CalenderPopUpVC.swift */,
				A7374FB2207859FD0067D934 /* CalenderPopUpSB.storyboard */,
			);
			name = "Popup VC";
			sourceTree = "<group>";
		};
		BE9591C82018DDC800A24393 /* FamilyList */ = {
			isa = PBXGroup;
			children = (
				BE9591C62018DDB900A24393 /* FamilyList.swift */,
				BE9591C92018E1ED00A24393 /* FamilyMemberVC.swift */,
			);
			name = FamilyList;
			sourceTree = "<group>";
		};
		BEAD6E501E6AA1A4001BF58A = {
			isa = PBXGroup;
			children = (
				BEAD6E5B1E6AA1A5001BF58A /* 私家厨房 */,
				BE2ACE6620090674001F4F66 /* 私家厨房.app */,
				BE2ACE67200909E8001F4F66 /* Frameworks */,
			);
			sourceTree = "<group>";
		};
		BEAD6E5B1E6AA1A5001BF58A /* 私家厨房 */ = {
			isa = PBXGroup;
			children = (
				BEE7094F2010403600C7873B /* 私家厨房.entitlements */,
				BEAD6E5C1E6AA1A5001BF58A /* AppDelegate.swift */,
				BE8E38D6204591AF00CC12FB /* View */,
				BE8D0155201B757E00C81D92 /* Controller */,
				BE7A98D01EB092F8005AC869 /* Model */,
				BEAD6E631E6AA1A5001BF58A /* Assets.xcassets */,
				BEAD6E681E6AA1A5001BF58A /* Info.plist */,
				BE3DDF481F263F310013AD47 /* DataModel.xcdatamodeld */,
			);
			path = "私家厨房";
			sourceTree = "<group>";
		};
		BEB1C3551EB58E3B00F1D804 /* OrderListDetail */ = {
			isa = PBXGroup;
			children = (
				BE72155D1F55BA3100067530 /* OrderListDetailVC.swift */,
				BEB1C3581EB58E9600F1D804 /* OrderListDetailDataSource.swift */,
				BEB1C35A1EB58EAE00F1D804 /* OrderListDetailCell.swift */,
			);
			name = OrderListDetail;
			sourceTree = "<group>";
		};
		BEB3F0F71EF0323B00665F4A /* Tab1 */ = {
			isa = PBXGroup;
			children = (
				BE7A98D51EB093FE005AC869 /* ShoppingCart */,
				BE7A98D61EB09428005AC869 /* OrderList */,
			);
			name = Tab1;
			sourceTree = "<group>";
		};
		BEB3F0F81EF0325000665F4A /* Tab3 */ = {
			isa = PBXGroup;
			children = (
				BE7A98D81EB0948C005AC869 /* Personal Center */,
			);
			name = Tab3;
			sourceTree = "<group>";
		};
		BEB3F0F91EF0325D00665F4A /* Tab0 */ = {
			isa = PBXGroup;
			children = (
				BE7A98D41EB093D9005AC869 /* OrderMeal */,
			);
			name = Tab0;
			sourceTree = "<group>";
		};
		BEB3F0FA1EF0326A00665F4A /* Tab2 */ = {
			isa = PBXGroup;
			children = (
			);
			name = Tab2;
			sourceTree = "<group>";
		};
/* End PBXGroup section */

/* Begin PBXNativeTarget section */
		BEAD6E581E6AA1A4001BF58A /* 私家厨房 */ = {
			isa = PBXNativeTarget;
			buildConfigurationList = BEAD6E6B1E6AA1A5001BF58A /* Build configuration list for PBXNativeTarget "私家厨房" */;
			buildPhases = (
				BEAD6E551E6AA1A4001BF58A /* Sources */,
				BEAD6E561E6AA1A4001BF58A /* Frameworks */,
				BEAD6E571E6AA1A4001BF58A /* Resources */,
				846EAC0C208225A4007E7CC2 /* Embed Frameworks */,
			);
			buildRules = (
			);
			dependencies = (
			);
			name = "私家厨房";
			productName = "私家厨房";
			productReference = BE2ACE6620090674001F4F66 /* 私家厨房.app */;
			productType = "com.apple.product-type.application";
		};
/* End PBXNativeTarget section */

/* Begin PBXProject section */
		BEAD6E511E6AA1A4001BF58A /* Project object */ = {
			isa = PBXProject;
			attributes = {
				LastSwiftUpdateCheck = 0820;
				LastUpgradeCheck = 0920;
				ORGANIZATIONNAME = "待定";
				TargetAttributes = {
					BEAD6E581E6AA1A4001BF58A = {
						CreatedOnToolsVersion = 8.2.1;
						LastSwiftMigration = 0830;
						ProvisioningStyle = Automatic;
						SystemCapabilities = {
							com.apple.BackgroundModes = {
								enabled = 1;
							};
							com.apple.Push = {
								enabled = 1;
							};
							com.apple.iCloud = {
								enabled = 1;
							};
						};
					};
				};
			};
			buildConfigurationList = BEAD6E541E6AA1A4001BF58A /* Build configuration list for PBXProject "私家厨房" */;
			compatibilityVersion = "Xcode 8.0";
			developmentRegion = English;
			hasScannedForEncodings = 0;
			knownRegions = (
				en,
				Base,
			);
			mainGroup = BEAD6E501E6AA1A4001BF58A;
			productRefGroup = BEAD6E501E6AA1A4001BF58A;
			projectDirPath = "";
			projectRoot = "";
			targets = (
				BEAD6E581E6AA1A4001BF58A /* 私家厨房 */,
			);
		};
/* End PBXProject section */

/* Begin PBXResourcesBuildPhase section */
		BEAD6E571E6AA1A4001BF58A /* Resources */ = {
			isa = PBXResourcesBuildPhase;
			buildActionMask = 2147483647;
			files = (
				A7374FB4207859FE0067D934 /* CalenderPopUpSB.storyboard in Resources */,
				BE9047CE1FFD401400282B0F /* MealDetailVC.xib in Resources */,
				BEB143861E744697008D8921 /* Main.storyboard in Resources */,
				BE4EB5201FF6805200129999 /* MealCell.xib in Resources */,
				BE9100942000B66200E6C9A8 /* CatagoryPopUpSB.storyboard in Resources */,
				8413917D206936D200C5A205 /* LaunchScreen.storyboard in Resources */,
				BE91009620025EDE00E6C9A8 /* DatePopUpSB.storyboard in Resources */,
				BEAD6E641E6AA1A5001BF58A /* Assets.xcassets in Resources */,
			);
			runOnlyForDeploymentPostprocessing = 0;
		};
/* End PBXResourcesBuildPhase section */

/* Begin PBXSourcesBuildPhase section */
		BEAD6E551E6AA1A4001BF58A /* Sources */ = {
			isa = PBXSourcesBuildPhase;
			buildActionMask = 2147483647;
			files = (
				A7374FB620785A070067D934 /* CalenderPopUpVC.swift in Sources */,
				BE7036FF1FFE83400003F9FB /* DatePopUpVC.swift in Sources */,
				BE72156A1F55BAB900067530 /* ShoppingCell.swift in Sources */,
				BE3310FD1F2A6D81001E7E3B /* ImageHelper.swift in Sources */,
				BE8E38EC2045B10900CC12FB /* MealLocalCache.swift in Sources */,
				BEEDFBBD1EACC9A4001E5E17 /* StateController.swift in Sources */,
				BE08D8371F22F8A4001A93C7 /* PersonalSetVC.swift in Sources */,
				BE910092200078A200E6C9A8 /* ProtocolList.swift in Sources */,
				BE8D0163201D5CEB00C81D92 /* CloudKitError.swift in Sources */,
				BE31A7AE2053BE0100E6E758 /* SharedMealLocalCache.swift in Sources */,
				BE0D55B11F2A266200F482EA /* Meal+CoreDataProperties.swift in Sources */,
				BE8E38DC2045940C00CC12FB /* ZoneLocalCache.swift in Sources */,
				BE7215541F55B9C500067530 /* StructList.swift in Sources */,
				BE8E38E020459B6000CC12FB /* Database.swift in Sources */,
				BEDB166D1E9D53C300D9C9E1 /* OrderListCell.swift in Sources */,
				84D3583520727DC00001640E /* OrderListCenterVC.swift in Sources */,
				BE24A9641F94E9C600BCB339 /* ExtensionList.swift in Sources */,
				BE3DDF4A1F263F310013AD47 /* DataModel.xcdatamodeld in Sources */,
				BE9EB13B20138A7100B44928 /* ReservedMeals.swift in Sources */,
				BE9D0C7E1EB0E53D009FF3D3 /* MealListDataSource.swift in Sources */,
				BE8A9A881FF53EB900AA324D /* MealListVC.swift in Sources */,
				BEAD6E731E6B96D9001BF58A /* Spicy.swift in Sources */,
				BE156E60204C099100033D19 /* Reachability.swift in Sources */,
				BE8E38EA20459C6900CC12FB /* BaseLocalCache.swift in Sources */,
				BEB1C35B1EB58EAE00F1D804 /* OrderListDetailCell.swift in Sources */,
				BE480D811E86BD0400EE9470 /* MealCell.swift in Sources */,
				BE3DDF4C1F2648E60013AD47 /* HandleCoreData.swift in Sources */,
				BE7215701F55BAEC00067530 /* OrderListDataSource.swift in Sources */,
				BE324A862022140000DC778D /* CloudExtension.swift in Sources */,
				BE910090200068BA00E6C9A8 /* CatagoryPopUpVC.swift in Sources */,
				BE8F80941F563EEF00D67599 /* MealDetailVC.swift in Sources */,
				84D3583720727FB90001640E /* OrderListDetailVC.swift in Sources */,
				84D3583820727FBB0001640E /* OrderListDetailDataSource.swift in Sources */,
				BE9591C72018DDB900A24393 /* FamilyList.swift in Sources */,
				BE72156E1F55BADB00067530 /* OrderListVC.swift in Sources */,
				A7F2245220761E5300A8E1AA /* CollapsibleTableViewHeader.swift in Sources */,
				BE0CB0691F892E2E00EEF54A /* ICloudPropertyStore.swift in Sources */,
				84E524DF206BE0CC003BEAC8 /* MainVC.swift in Sources */,
				BE7215661F55BA8700067530 /* OrderListCollectionViewCell.swift in Sources */,
				84D3583620727DCE0001640E /* OrderListCenterDataSource.swift in Sources */,
				BE7215621F55BA5400067530 /* OrderListCenterCell.swift in Sources */,
				BEAD6E5D1E6AA1A5001BF58A /* AppDelegate.swift in Sources */,
				BE0D55B01F2A266200F482EA /* Meal+CoreDataClass.swift in Sources */,
				BE9591CA2018E1ED00A24393 /* FamilyMemberVC.swift in Sources */,
				BE7215411F55B84000067530 /* PersonalCenterVC.swift in Sources */,
				BE72153F1F55B83100067530 /* ShoppingCartVC.swift in Sources */,
				BE10313C1F2789E800DAA003 /* DataStore.swift in Sources */,
				BE9D0C801EB2395D009FF3D3 /* ShoppingCartDataSource.swift in Sources */,
				BE087B351F2F73610005128B /* EditMealVC.swift in Sources */,
			);
			runOnlyForDeploymentPostprocessing = 0;
		};
/* End PBXSourcesBuildPhase section */

/* Begin PBXVariantGroup section */
		BEB143841E744697008D8921 /* Main.storyboard */ = {
			isa = PBXVariantGroup;
			children = (
				BEB143851E744697008D8921 /* Base */,
			);
			name = Main.storyboard;
			sourceTree = "<group>";
		};
/* End PBXVariantGroup section */

/* Begin XCBuildConfiguration section */
		BEAD6E691E6AA1A5001BF58A /* Debug */ = {
			isa = XCBuildConfiguration;
			buildSettings = {
				ALWAYS_SEARCH_USER_PATHS = NO;
				CLANG_ANALYZER_LOCALIZABILITY_NONLOCALIZED = YES;
				CLANG_ANALYZER_NONNULL = YES;
				CLANG_CXX_LANGUAGE_STANDARD = "gnu++0x";
				CLANG_CXX_LIBRARY = "libc++";
				CLANG_ENABLE_MODULES = YES;
				CLANG_ENABLE_OBJC_ARC = YES;
				CLANG_WARN_BLOCK_CAPTURE_AUTORELEASING = YES;
				CLANG_WARN_BOOL_CONVERSION = YES;
				CLANG_WARN_COMMA = YES;
				CLANG_WARN_CONSTANT_CONVERSION = YES;
				CLANG_WARN_DIRECT_OBJC_ISA_USAGE = YES_ERROR;
				CLANG_WARN_DOCUMENTATION_COMMENTS = YES;
				CLANG_WARN_EMPTY_BODY = YES;
				CLANG_WARN_ENUM_CONVERSION = YES;
				CLANG_WARN_INFINITE_RECURSION = YES;
				CLANG_WARN_INT_CONVERSION = YES;
				CLANG_WARN_NON_LITERAL_NULL_CONVERSION = YES;
				CLANG_WARN_OBJC_LITERAL_CONVERSION = YES;
				CLANG_WARN_OBJC_ROOT_CLASS = YES_ERROR;
				CLANG_WARN_RANGE_LOOP_ANALYSIS = YES;
				CLANG_WARN_STRICT_PROTOTYPES = YES;
				CLANG_WARN_SUSPICIOUS_MOVE = YES;
				CLANG_WARN_UNREACHABLE_CODE = YES;
				CLANG_WARN__DUPLICATE_METHOD_MATCH = YES;
				CODE_SIGN_IDENTITY = "iPhone Distribution: zhi wei Shan (KTJ62Z88V4)";
				"CODE_SIGN_IDENTITY[sdk=iphoneos*]" = "iPhone Distribution: zhi wei Shan (KTJ62Z88V4)";
				CODE_SIGN_STYLE = Automatic;
				COPY_PHASE_STRIP = NO;
				DEBUG_INFORMATION_FORMAT = dwarf;
				DEVELOPMENT_TEAM = KTJ62Z88V4;
				ENABLE_BITCODE = NO;
				ENABLE_STRICT_OBJC_MSGSEND = YES;
				ENABLE_TESTABILITY = YES;
				GCC_C_LANGUAGE_STANDARD = gnu99;
				GCC_DYNAMIC_NO_PIC = NO;
				GCC_NO_COMMON_BLOCKS = YES;
				GCC_OPTIMIZATION_LEVEL = 0;
				GCC_PREPROCESSOR_DEFINITIONS = (
					"DEBUG=1",
					"$(inherited)",
				);
				GCC_WARN_64_TO_32_BIT_CONVERSION = YES;
				GCC_WARN_ABOUT_RETURN_TYPE = YES_ERROR;
				GCC_WARN_UNDECLARED_SELECTOR = YES;
				GCC_WARN_UNINITIALIZED_AUTOS = YES_AGGRESSIVE;
				GCC_WARN_UNUSED_FUNCTION = YES;
				GCC_WARN_UNUSED_VARIABLE = YES;
				IPHONEOS_DEPLOYMENT_TARGET = 10.0;
				MTL_ENABLE_DEBUG_INFO = YES;
				ONLY_ACTIVE_ARCH = YES;
				PROVISIONING_PROFILE = "";
				SDKROOT = iphoneos;
				SWIFT_ACTIVE_COMPILATION_CONDITIONS = DEBUG;
				SWIFT_OPTIMIZATION_LEVEL = "-Onone";
				TARGETED_DEVICE_FAMILY = "1,2";
			};
			name = Debug;
		};
		BEAD6E6A1E6AA1A5001BF58A /* Release */ = {
			isa = XCBuildConfiguration;
			buildSettings = {
				ALWAYS_SEARCH_USER_PATHS = NO;
				CLANG_ANALYZER_LOCALIZABILITY_NONLOCALIZED = YES;
				CLANG_ANALYZER_NONNULL = YES;
				CLANG_CXX_LANGUAGE_STANDARD = "gnu++0x";
				CLANG_CXX_LIBRARY = "libc++";
				CLANG_ENABLE_MODULES = YES;
				CLANG_ENABLE_OBJC_ARC = YES;
				CLANG_WARN_BLOCK_CAPTURE_AUTORELEASING = YES;
				CLANG_WARN_BOOL_CONVERSION = YES;
				CLANG_WARN_COMMA = YES;
				CLANG_WARN_CONSTANT_CONVERSION = YES;
				CLANG_WARN_DIRECT_OBJC_ISA_USAGE = YES_ERROR;
				CLANG_WARN_DOCUMENTATION_COMMENTS = YES;
				CLANG_WARN_EMPTY_BODY = YES;
				CLANG_WARN_ENUM_CONVERSION = YES;
				CLANG_WARN_INFINITE_RECURSION = YES;
				CLANG_WARN_INT_CONVERSION = YES;
				CLANG_WARN_NON_LITERAL_NULL_CONVERSION = YES;
				CLANG_WARN_OBJC_LITERAL_CONVERSION = YES;
				CLANG_WARN_OBJC_ROOT_CLASS = YES_ERROR;
				CLANG_WARN_RANGE_LOOP_ANALYSIS = YES;
				CLANG_WARN_STRICT_PROTOTYPES = YES;
				CLANG_WARN_SUSPICIOUS_MOVE = YES;
				CLANG_WARN_UNREACHABLE_CODE = YES;
				CLANG_WARN__DUPLICATE_METHOD_MATCH = YES;
				CODE_SIGN_IDENTITY = "iPhone Distribution: zhi wei Shan (KTJ62Z88V4)";
				"CODE_SIGN_IDENTITY[sdk=iphoneos*]" = "iPhone Distribution: zhi wei Shan (KTJ62Z88V4)";
				CODE_SIGN_STYLE = Automatic;
				COPY_PHASE_STRIP = NO;
				DEBUG_INFORMATION_FORMAT = "dwarf-with-dsym";
				DEVELOPMENT_TEAM = KTJ62Z88V4;
				ENABLE_BITCODE = NO;
				ENABLE_NS_ASSERTIONS = NO;
				ENABLE_STRICT_OBJC_MSGSEND = YES;
				GCC_C_LANGUAGE_STANDARD = gnu99;
				GCC_NO_COMMON_BLOCKS = YES;
				GCC_OPTIMIZATION_LEVEL = s;
				GCC_WARN_64_TO_32_BIT_CONVERSION = YES;
				GCC_WARN_ABOUT_RETURN_TYPE = YES_ERROR;
				GCC_WARN_UNDECLARED_SELECTOR = YES;
				GCC_WARN_UNINITIALIZED_AUTOS = YES_AGGRESSIVE;
				GCC_WARN_UNUSED_FUNCTION = YES;
				GCC_WARN_UNUSED_VARIABLE = YES;
				IPHONEOS_DEPLOYMENT_TARGET = 10.0;
				MTL_ENABLE_DEBUG_INFO = NO;
				ONLY_ACTIVE_ARCH = YES;
				PROVISIONING_PROFILE = "";
				SDKROOT = iphoneos;
				SWIFT_OPTIMIZATION_LEVEL = "-Owholemodule";
				TARGETED_DEVICE_FAMILY = "1,2";
				VALIDATE_PRODUCT = YES;
			};
			name = Release;
		};
		BEAD6E6C1E6AA1A5001BF58A /* Debug */ = {
			isa = XCBuildConfiguration;
			buildSettings = {
				ALWAYS_EMBED_SWIFT_STANDARD_LIBRARIES = YES;
				ASSETCATALOG_COMPILER_APPICON_NAME = AppIcon;
				CLANG_ENABLE_MODULES = YES;
				CODE_SIGN_ENTITLEMENTS = "私家厨房/私家厨房.entitlements";
				CODE_SIGN_IDENTITY = "iPhone Distribution: zhi wei Shan (KTJ62Z88V4)";
				"CODE_SIGN_IDENTITY[sdk=iphoneos*]" = "iPhone Developer";
				CODE_SIGN_STYLE = Automatic;
				DEVELOPMENT_TEAM = KTJ62Z88V4;
				ENABLE_BITCODE = NO;
				FRAMEWORK_SEARCH_PATHS = (
					"$(inherited)",
					"$(PROJECT_DIR)",
					"$(PROJECT_DIR)/私家厨房/HyphenateFullSDK",
				);
				INFOPLIST_FILE = "私家厨房/Info.plist";
				IPHONEOS_DEPLOYMENT_TARGET = 10.0;
				LD_RUNPATH_SEARCH_PATHS = "$(inherited) @executable_path/Frameworks";
				LIBRARY_SEARCH_PATHS = (
					"$(inherited)",
					"$(PROJECT_DIR)/私家厨房/EaseUI/EMUIKit/3rdparty/DeviceHelper/VoiceConvert/opencore-amrnb",
					"$(PROJECT_DIR)/私家厨房/EaseUI/EMUIKit/3rdparty/DeviceHelper/VoiceConvert/opencore-amrwb",
				);
				PRODUCT_BUNDLE_IDENTIFIER = shzwei.app.2017.01;
				PRODUCT_NAME = "$(TARGET_NAME)";
				PROVISIONING_PROFILE = "";
				PROVISIONING_PROFILE_SPECIFIER = "";
				SWIFT_OPTIMIZATION_LEVEL = "-Owholemodule";
				SWIFT_VERSION = 4.0;
				TARGETED_DEVICE_FAMILY = 1;
			};
			name = Debug;
		};
		BEAD6E6D1E6AA1A5001BF58A /* Release */ = {
			isa = XCBuildConfiguration;
			buildSettings = {
				ALWAYS_EMBED_SWIFT_STANDARD_LIBRARIES = YES;
				ASSETCATALOG_COMPILER_APPICON_NAME = AppIcon;
				CLANG_ENABLE_MODULES = YES;
				CODE_SIGN_ENTITLEMENTS = "私家厨房/私家厨房.entitlements";
				CODE_SIGN_IDENTITY = "iPhone Distribution: zhi wei Shan (KTJ62Z88V4)";
				"CODE_SIGN_IDENTITY[sdk=iphoneos*]" = "iPhone Developer";
				CODE_SIGN_STYLE = Automatic;
				DEVELOPMENT_TEAM = KTJ62Z88V4;
				ENABLE_BITCODE = NO;
				FRAMEWORK_SEARCH_PATHS = (
					"$(inherited)",
					"$(PROJECT_DIR)",
					"$(PROJECT_DIR)/私家厨房/HyphenateFullSDK",
				);
				INFOPLIST_FILE = "私家厨房/Info.plist";
				IPHONEOS_DEPLOYMENT_TARGET = 10.0;
				LD_RUNPATH_SEARCH_PATHS = "$(inherited) @executable_path/Frameworks";
				LIBRARY_SEARCH_PATHS = (
					"$(inherited)",
					"$(PROJECT_DIR)/私家厨房/EaseUI/EMUIKit/3rdparty/DeviceHelper/VoiceConvert/opencore-amrnb",
					"$(PROJECT_DIR)/私家厨房/EaseUI/EMUIKit/3rdparty/DeviceHelper/VoiceConvert/opencore-amrwb",
				);
				PRODUCT_BUNDLE_IDENTIFIER = shzwei.app.2017.01;
				PRODUCT_NAME = "$(TARGET_NAME)";
				PROVISIONING_PROFILE = "";
				PROVISIONING_PROFILE_SPECIFIER = "";
				SWIFT_OBJC_BRIDGING_HEADER = "";
				SWIFT_OPTIMIZATION_LEVEL = "-Owholemodule";
				SWIFT_VERSION = 4.0;
				TARGETED_DEVICE_FAMILY = 1;
			};
			name = Release;
		};
/* End XCBuildConfiguration section */

/* Begin XCConfigurationList section */
		BEAD6E541E6AA1A4001BF58A /* Build configuration list for PBXProject "私家厨房" */ = {
			isa = XCConfigurationList;
			buildConfigurations = (
				BEAD6E691E6AA1A5001BF58A /* Debug */,
				BEAD6E6A1E6AA1A5001BF58A /* Release */,
			);
			defaultConfigurationIsVisible = 0;
			defaultConfigurationName = Release;
		};
		BEAD6E6B1E6AA1A5001BF58A /* Build configuration list for PBXNativeTarget "私家厨房" */ = {
			isa = XCConfigurationList;
			buildConfigurations = (
				BEAD6E6C1E6AA1A5001BF58A /* Debug */,
				BEAD6E6D1E6AA1A5001BF58A /* Release */,
			);
			defaultConfigurationIsVisible = 0;
			defaultConfigurationName = Release;
		};
/* End XCConfigurationList section */

/* Begin XCVersionGroup section */
		BE3DDF481F263F310013AD47 /* DataModel.xcdatamodeld */ = {
			isa = XCVersionGroup;
			children = (
				BE3DDF491F263F310013AD47 /* DataModel.xcdatamodel */,
			);
			currentVersion = BE3DDF491F263F310013AD47 /* DataModel.xcdatamodel */;
			path = DataModel.xcdatamodeld;
			sourceTree = "<group>";
			versionGroupType = wrapper.xcdatamodel;
		};
/* End XCVersionGroup section */
	};
	rootObject = BEAD6E511E6AA1A4001BF58A /* Project object */;
}
